{
  "lockfile_version": "1",
  "packages": {
    "qmk@latest": {
      "last_modified": "2024-07-07T07:43:47Z",
      "resolved": "github:NixOS/nixpkgs/b60793b86201040d9dee019a05089a9150d08b5b#qmk",
      "source": "devbox-search",
      "version": "1.1.5",
      "systems": {
        "aarch64-darwin": {
          "outputs": [
            {
              "name": "out",
              "path": "/nix/store/vhi7cfqdpcxp7dripwv9p8vajvmvnj6q-qmk-1.1.5",
              "default": true
            },
            {
              "name": "dist",
              "path": "/nix/store/7ziaxw1243mzl3f0qxngg466390mvbnh-qmk-1.1.5-dist"
            }
          ],
          "store_path": "/nix/store/vhi7cfqdpcxp7dripwv9p8vajvmvnj6q-qmk-1.1.5"
        },
        "aarch64-linux": {
          "outputs": [
            {
              "name": "out",
              "path": "/nix/store/lxd6cbic3sicqwyvyh7pc2ir0lqgpnhv-qmk-1.1.5",
              "default": true
            },
            {
              "name": "dist",
              "path": "/nix/store/j9hg21h3daglgfy53cbxvardj7vgac2p-qmk-1.1.5-dist"
            }
          ],
          "store_path": "/nix/store/lxd6cbic3sicqwyvyh7pc2ir0lqgpnhv-qmk-1.1.5"
        },
        "x86_64-darwin": {
          "outputs": [
            {
              "name": "out",
              "path": "/nix/store/x96xzdpxg6ifc325q0vj99rp1wawjg8p-qmk-1.1.5",
              "default": true
            },
            {
              "name": "dist",
              "path": "/nix/store/r795k1bp2v7mnfv67yw8jlhzry08ywag-qmk-1.1.5-dist"
            }
          ],
          "store_path": "/nix/store/x96xzdpxg6ifc325q0vj99rp1wawjg8p-qmk-1.1.5"
        },
        "x86_64-linux": {
          "outputs": [
            {
              "name": "out",
              "path": "/nix/store/2l7253izscz3hxahv91hqr834g07g2k8-qmk-1.1.5",
              "default": true
            },
            {
              "name": "dist",
              "path": "/nix/store/92y6pk5v3l2pj25sq74ms9jjkykflic0-qmk-1.1.5-dist"
            }
          ],
          "store_path": "/nix/store/2l7253izscz3hxahv91hqr834g07g2k8-qmk-1.1.5"
        }
      }
    }
  }
}
